
Microsoft Visual Studio Solution File, Format Version 12.00
# Visual Studio Version 17
VisualStudioVersion = 17.9.34902.65
MinimumVisualStudioVersion = 10.0.40219.1
Project("{FAE04EC0-301F-11D3-BF4B-00C04F79EFBC}") = "RealEstate_Dapper_Api", "RealEstate_Dapper_Api\RealEstate_Dapper_Api.csproj", "{D6A8EBD3-6D3C-4D7A-81CB-FCE23111742A}"
EndProject
Project("{FAE04EC0-301F-11D3-BF4B-00C04F79EFBC}") = "RealEstate_Dapper_UI", "RealEstate_Dapper_UI\RealEstate_Dapper_UI.csproj", "{60087F12-E1C8-45C7-A494-0CA5A647CFF1}"
EndProject
Global
	GlobalSection(SolutionConfigurationPlatforms) = preSolution
		Debug|Any CPU = Debug|Any CPU
		Release|Any CPU = Release|Any CPU
	EndGlobalSection
	GlobalSection(ProjectConfigurationPlatforms) = postSolution
		{D6A8EBD3-6D3C-4D7A-81CB-FCE23111742A}.Debug|Any CPU.ActiveCfg = Debug|Any CPU
		{D6A8EBD3-6D3C-4D7A-81CB-FCE23111742A}.Debug|Any CPU.Build.0 = Debug|Any CPU
		{D6A8EBD3-6D3C-4D7A-81CB-FCE23111742A}.Release|Any CPU.ActiveCfg = Release|Any CPU
		{D6A8EBD3-6D3C-4D7A-81CB-FCE23111742A}.Release|Any CPU.Build.0 = Release|Any CPU
		{60087F12-E1C8-45C7-A494-0CA5A647CFF1}.Debug|Any CPU.ActiveCfg = Debug|Any CPU
		{60087F12-E1C8-45C7-A494-0CA5A647CFF1}.Debug|Any CPU.Build.0 = Debug|Any CPU
		{60087F12-E1C8-45C7-A494-0CA5A647CFF1}.Release|Any CPU.ActiveCfg = Release|Any CPU
		{60087F12-E1C8-45C7-A494-0CA5A647CFF1}.Release|Any CPU.Build.0 = Release|Any CPU
	EndGlobalSection
	GlobalSection(SolutionProperties) = preSolution
		HideSolutionNode = FALSE
	EndGlobalSection
	GlobalSection(ExtensibilityGlobals) = postSolution
		SolutionGuid = {E534C9CF-DBA2-4BF2-BC44-4AE689119356}
	EndGlobalSection
EndGlobal
